{
    "_readme": [
        "This file locks the dependencies of your project to a known state",
        "Read more about it at https://getcomposer.org/doc/01-basic-usage.md#installing-dependencies",
        "This file is @generated automatically"
    ],
    "content-hash": "c940d182a0142a1c22d6beaa27aec308",
    "packages": [
        {
            "name": "sabas/edifact",
            "version": "1.1.1",
            "source": {
                "type": "git",
                "url": "https://github.com/php-edifact/edifact.git",
                "reference": "8e0197a8434d19091a5f793521314f4c62974caf"
            },
            "dist": {
                "type": "zip",
                "url": "https://api.github.com/repos/php-edifact/edifact/zipball/8e0197a8434d19091a5f793521314f4c62974caf",
                "reference": "8e0197a8434d19091a5f793521314f4c62974caf",
                "shasum": ""
            },
            "require": {
                "ext-json": "*",
                "ext-mbstring": "*",
                "ext-simplexml": "*",
                "php": "~8"
            },
            "require-dev": {
                "php-edifact/edifact-mapping": "dev-master",
                "phpunit/phpunit": "~9.0",
                "symplify/easy-coding-standard": "^12.0"
            },
            "type": "library",
            "autoload": {
                "psr-4": {
                    "EDI\\": "src/EDI/"
                }
            },
            "notification-url": "https://packagist.org/downloads/",
            "license": [
                "LGPL-3.0-or-later"
            ],
            "authors": [
                {
                    "name": "Stefano Sabatini",
                    "email": "sabas88@gmail.com",
                    "homepage": "http://stefanosabatini.com",
                    "role": "Developer"
                },
                {
                    "name": "Uldis Nelsons",
                    "role": "Developer"
                },
                {
                    "name": "Emil Vikström",
                    "role": "Developer"
                }
            ],
            "description": "Tools in PHP for UN/EDIFACT",
            "homepage": "https://github.com/php-edifact/edifact",
            "keywords": [
                "container",
                "edi",
                "edifact",
                "message"
            ],
            "support": {
                "issues": "https://github.com/php-edifact/edifact/issues",
                "source": "https://github.com/php-edifact/edifact/tree/1.1.1"
            },
            "time": "2024-08-21T09:20:59+00:00"
        }
    ],
    "packages-dev": [],
    "aliases": [],
    "minimum-stability": "stable",
    "stability-flags": [],
    "prefer-stable": false,
    "prefer-lowest": false,
    "platform": [],
    "platform-dev": [],
    "plugin-api-version": "2.6.0"
}
